
Microsoft Visual Studio Solution File, Format Version 12.00
# Visual Studio Version 17
VisualStudioVersion = 17.4.33205.214
MinimumVisualStudioVersion = 10.0.40219.1
Project("{9A19103F-16F7-4668-BE54-9A1E7A4F7556}") = "Practice2", "Practice2\Practice2.csproj", "{3DA26E41-3425-4123-AB7C-D08CC8100211}"
EndProject
Project("{9A19103F-16F7-4668-BE54-9A1E7A4F7556}") = "CsharpAssigment", "Volume\CsharpAssigment.csproj", "{0A274A71-4BCC-49D9-92D2-7B89D5985EDC}"
EndProject
Project("{9A19103F-16F7-4668-BE54-9A1E7A4F7556}") = "ReverseAssig", "ReverseAssig\ReverseAssig.csproj", "{F1B857BD-83DB-4635-87D2-D7FE55431D21}"
EndProject
Project("{FAE04EC0-301F-11D3-BF4B-00C04F79EFBC}") = "CsharpAssig12", "CsharpAssig12\CsharpAssig12.csproj", "{E9C35100-0003-427B-8C7F-2EA5F155EC3B}"
EndProject
Project("{FAE04EC0-301F-11D3-BF4B-00C04F79EFBC}") = "EmployeeProject", "EmployeeProject\EmployeeProject.csproj", "{FEF3F4FD-B1FD-4C1B-B9B7-C62FE0253B37}"
EndProject
Global
	GlobalSection(SolutionConfigurationPlatforms) = preSolution
		Debug|Any CPU = Debug|Any CPU
		Release|Any CPU = Release|Any CPU
	EndGlobalSection
	GlobalSection(ProjectConfigurationPlatforms) = postSolution
		{3DA26E41-3425-4123-AB7C-D08CC8100211}.Debug|Any CPU.ActiveCfg = Debug|Any CPU
		{3DA26E41-3425-4123-AB7C-D08CC8100211}.Debug|Any CPU.Build.0 = Debug|Any CPU
		{3DA26E41-3425-4123-AB7C-D08CC8100211}.Release|Any CPU.ActiveCfg = Release|Any CPU
		{3DA26E41-3425-4123-AB7C-D08CC8100211}.Release|Any CPU.Build.0 = Release|Any CPU
		{0A274A71-4BCC-49D9-92D2-7B89D5985EDC}.Debug|Any CPU.ActiveCfg = Debug|Any CPU
		{0A274A71-4BCC-49D9-92D2-7B89D5985EDC}.Debug|Any CPU.Build.0 = Debug|Any CPU
		{0A274A71-4BCC-49D9-92D2-7B89D5985EDC}.Release|Any CPU.ActiveCfg = Release|Any CPU
		{0A274A71-4BCC-49D9-92D2-7B89D5985EDC}.Release|Any CPU.Build.0 = Release|Any CPU
		{F1B857BD-83DB-4635-87D2-D7FE55431D21}.Debug|Any CPU.ActiveCfg = Debug|Any CPU
		{F1B857BD-83DB-4635-87D2-D7FE55431D21}.Debug|Any CPU.Build.0 = Debug|Any CPU
		{F1B857BD-83DB-4635-87D2-D7FE55431D21}.Release|Any CPU.ActiveCfg = Release|Any CPU
		{F1B857BD-83DB-4635-87D2-D7FE55431D21}.Release|Any CPU.Build.0 = Release|Any CPU
		{E9C35100-0003-427B-8C7F-2EA5F155EC3B}.Debug|Any CPU.ActiveCfg = Debug|Any CPU
		{E9C35100-0003-427B-8C7F-2EA5F155EC3B}.Debug|Any CPU.Build.0 = Debug|Any CPU
		{E9C35100-0003-427B-8C7F-2EA5F155EC3B}.Release|Any CPU.ActiveCfg = Release|Any CPU
		{E9C35100-0003-427B-8C7F-2EA5F155EC3B}.Release|Any CPU.Build.0 = Release|Any CPU
		{FEF3F4FD-B1FD-4C1B-B9B7-C62FE0253B37}.Debug|Any CPU.ActiveCfg = Debug|Any CPU
		{FEF3F4FD-B1FD-4C1B-B9B7-C62FE0253B37}.Debug|Any CPU.Build.0 = Debug|Any CPU
		{FEF3F4FD-B1FD-4C1B-B9B7-C62FE0253B37}.Release|Any CPU.ActiveCfg = Release|Any CPU
		{FEF3F4FD-B1FD-4C1B-B9B7-C62FE0253B37}.Release|Any CPU.Build.0 = Release|Any CPU
	EndGlobalSection
	GlobalSection(SolutionProperties) = preSolution
		HideSolutionNode = FALSE
	EndGlobalSection
	GlobalSection(ExtensibilityGlobals) = postSolution
		SolutionGuid = {9B4BA595-8F64-4D18-A29F-1A1B65C0E29B}
	EndGlobalSection
EndGlobal
